
Microsoft Visual Studio Solution File, Format Version 12.00
# Visual Studio Version 16
VisualStudioVersion = 16.0.29418.71
MinimumVisualStudioVersion = 10.0.40219.1
Project("{FAE04EC0-301F-11D3-BF4B-00C04F79EFBC}") = "atm", "atm\atm.csproj", "{F8233009-0004-42DC-9087-7DDE1683C900}"
EndProject
Global
	GlobalSection(SolutionConfigurationPlatforms) = preSolution
		Debug|Any CPU = Debug|Any CPU
		Release|Any CPU = Release|Any CPU
	EndGlobalSection
	GlobalSection(ProjectConfigurationPlatforms) = postSolution
		{F8233009-0004-42DC-9087-7DDE1683C900}.Debug|Any CPU.ActiveCfg = Debug|Any CPU
		{F8233009-0004-42DC-9087-7DDE1683C900}.Debug|Any CPU.Build.0 = Debug|Any CPU
		{F8233009-0004-42DC-9087-7DDE1683C900}.Release|Any CPU.ActiveCfg = Release|Any CPU
		{F8233009-0004-42DC-9087-7DDE1683C900}.Release|Any CPU.Build.0 = Release|Any CPU
	EndGlobalSection
	GlobalSection(SolutionProperties) = preSolution
		HideSolutionNode = FALSE
	EndGlobalSection
	GlobalSection(ExtensibilityGlobals) = postSolution
		SolutionGuid = {14BA88DC-0B1D-4758-957B-476EDAE71DCD}
	EndGlobalSection
EndGlobal
